
Microsoft Visual Studio Solution File, Format Version 12.00
# Visual Studio Version 17
VisualStudioVersion = 17.8.34330.188
MinimumVisualStudioVersion = 10.0.40219.1
Project("{FAE04EC0-301F-11D3-BF4B-00C04F79EFBC}") = "Laboratory", "Laboratory\Laboratory.csproj", "{60A3D424-6E2B-4958-8009-6D957AB8F67C}"
EndProject
Global
	GlobalSection(SolutionConfigurationPlatforms) = preSolution
		Debug|Any CPU = Debug|Any CPU
		Release|Any CPU = Release|Any CPU
	EndGlobalSection
	GlobalSection(ProjectConfigurationPlatforms) = postSolution
		{60A3D424-6E2B-4958-8009-6D957AB8F67C}.Debug|Any CPU.ActiveCfg = Debug|Any CPU
		{60A3D424-6E2B-4958-8009-6D957AB8F67C}.Debug|Any CPU.Build.0 = Debug|Any CPU
		{60A3D424-6E2B-4958-8009-6D957AB8F67C}.Release|Any CPU.ActiveCfg = Release|Any CPU
		{60A3D424-6E2B-4958-8009-6D957AB8F67C}.Release|Any CPU.Build.0 = Release|Any CPU
	EndGlobalSection
	GlobalSection(SolutionProperties) = preSolution
		HideSolutionNode = FALSE
	EndGlobalSection
	GlobalSection(ExtensibilityGlobals) = postSolution
		SolutionGuid = {058450A6-E51A-4360-B77F-DE7C039E3F5A}
	EndGlobalSection
EndGlobal
